// !$*UTF8*$!
{
	archiveVersion = 1;
	classes = {
	};
	objectVersion = 55;
	objects = {

/* Begin PBXBuildFile section */
		5C39F44928C44CC5001E20BB /* WebServices.swift in Sources */ = {isa = PBXBuildFile; fileRef = 5C39F44828C44CC5001E20BB /* WebServices.swift */; };
		5C39F44C28C453C6001E20BB /* Orders.swift in Sources */ = {isa = PBXBuildFile; fileRef = 5C39F44B28C453C6001E20BB /* Orders.swift */; };
		5C39F45028C457A8001E20BB /* OrderViewModel.swift in Sources */ = {isa = PBXBuildFile; fileRef = 5C39F44F28C457A8001E20BB /* OrderViewModel.swift */; };
		5C39F45228C45FA9001E20BB /* AddCoffeeOrderViewModel.swift in Sources */ = {isa = PBXBuildFile; fileRef = 5C39F45128C45FA9001E20BB /* AddCoffeeOrderViewModel.swift */; };
		5C52938928C442A9000EC6FD /* OrdersTableViewController.swift in Sources */ = {isa = PBXBuildFile; fileRef = 5C52938828C442A9000EC6FD /* OrdersTableViewController.swift */; };
		5C52938B28C44319000EC6FD /* AddOrderViewController.swift in Sources */ = {isa = PBXBuildFile; fileRef = 5C52938A28C44319000EC6FD /* AddOrderViewController.swift */; };
		5CB4C04E28C440A200B552BB /* AppDelegate.swift in Sources */ = {isa = PBXBuildFile; fileRef = 5CB4C04D28C440A200B552BB /* AppDelegate.swift */; };
		5CB4C05028C440A200B552BB /* SceneDelegate.swift in Sources */ = {isa = PBXBuildFile; fileRef = 5CB4C04F28C440A200B552BB /* SceneDelegate.swift */; };
		5CB4C05528C440A200B552BB /* Main.storyboard in Resources */ = {isa = PBXBuildFile; fileRef = 5CB4C05328C440A200B552BB /* Main.storyboard */; };
		5CB4C05728C440A400B552BB /* Assets.xcassets in Resources */ = {isa = PBXBuildFile; fileRef = 5CB4C05628C440A400B552BB /* Assets.xcassets */; };
		5CB4C05A28C440A400B552BB /* LaunchScreen.storyboard in Resources */ = {isa = PBXBuildFile; fileRef = 5CB4C05828C440A400B552BB /* LaunchScreen.storyboard */; };
/* End PBXBuildFile section */

/* Begin PBXFileReference section */
		5C39F44828C44CC5001E20BB /* WebServices.swift */ = {isa = PBXFileReference; lastKnownFileType = sourcecode.swift; path = WebServices.swift; sourceTree = "<group>"; };
		5C39F44B28C453C6001E20BB /* Orders.swift */ = {isa = PBXFileReference; lastKnownFileType = sourcecode.swift; path = Orders.swift; sourceTree = "<group>"; };
		5C39F44F28C457A8001E20BB /* OrderViewModel.swift */ = {isa = PBXFileReference; lastKnownFileType = sourcecode.swift; path = OrderViewModel.swift; sourceTree = "<group>"; };
		5C39F45128C45FA9001E20BB /* AddCoffeeOrderViewModel.swift */ = {isa = PBXFileReference; lastKnownFileType = sourcecode.swift; path = AddCoffeeOrderViewModel.swift; sourceTree = "<group>"; };
		5C52938828C442A9000EC6FD /* OrdersTableViewController.swift */ = {isa = PBXFileReference; lastKnownFileType = sourcecode.swift; path = OrdersTableViewController.swift; sourceTree = "<group>"; };
		5C52938A28C44319000EC6FD /* AddOrderViewController.swift */ = {isa = PBXFileReference; lastKnownFileType = sourcecode.swift; path = AddOrderViewController.swift; sourceTree = "<group>"; };
		5CB4C04A28C440A200B552BB /* HotCoffee.app */ = {isa = PBXFileReference; explicitFileType = wrapper.application; includeInIndex = 0; path = HotCoffee.app; sourceTree = BUILT_PRODUCTS_DIR; };
		5CB4C04D28C440A200B552BB /* AppDelegate.swift */ = {isa = PBXFileReference; lastKnownFileType = sourcecode.swift; path = AppDelegate.swift; sourceTree = "<group>"; };
		5CB4C04F28C440A200B552BB /* SceneDelegate.swift */ = {isa = PBXFileReference; lastKnownFileType = sourcecode.swift; path = SceneDelegate.swift; sourceTree = "<group>"; };
		5CB4C05428C440A200B552BB /* Base */ = {isa = PBXFileReference; lastKnownFileType = file.storyboard; name = Base; path = Base.lproj/Main.storyboard; sourceTree = "<group>"; };
		5CB4C05628C440A400B552BB /* Assets.xcassets */ = {isa = PBXFileReference; lastKnownFileType = folder.assetcatalog; path = Assets.xcassets; sourceTree = "<group>"; };
		5CB4C05928C440A400B552BB /* Base */ = {isa = PBXFileReference; lastKnownFileType = file.storyboard; name = Base; path = Base.lproj/LaunchScreen.storyboard; sourceTree = "<group>"; };
		5CB4C05B28C440A400B552BB /* Info.plist */ = {isa = PBXFileReference; lastKnownFileType = text.plist.xml; path = Info.plist; sourceTree = "<group>"; };
/* End PBXFileReference section */

/* Begin PBXFrameworksBuildPhase section */
		5CB4C04728C440A200B552BB /* Frameworks */ = {
			isa = PBXFrameworksBuildPhase;
			buildActionMask = 2147483647;
			files = (
			);
			runOnlyForDeploymentPostprocessing = 0;
		};
/* End PBXFrameworksBuildPhase section */

/* Begin PBXGroup section */
		5C39F44728C44CA1001E20BB /* Services */ = {
			isa = PBXGroup;
			children = (
				5C39F44828C44CC5001E20BB /* WebServices.swift */,
			);
			path = Services;
			sourceTree = "<group>";
		};
		5C39F44A28C453AC001E20BB /* Models */ = {
			isa = PBXGroup;
			children = (
				5C39F44B28C453C6001E20BB /* Orders.swift */,
			);
			path = Models;
			sourceTree = "<group>";
		};
		5C39F44D28C45779001E20BB /* View Models */ = {
			isa = PBXGroup;
			children = (
				5C39F44F28C457A8001E20BB /* OrderViewModel.swift */,
				5C39F45128C45FA9001E20BB /* AddCoffeeOrderViewModel.swift */,
			);
			path = "View Models";
			sourceTree = "<group>";
		};
		5CB4C04128C440A200B552BB = {
			isa = PBXGroup;
			children = (
				5CB4C04C28C440A200B552BB /* HotCoffee */,
				5CB4C04B28C440A200B552BB /* Products */,
			);
			sourceTree = "<group>";
		};
		5CB4C04B28C440A200B552BB /* Products */ = {
			isa = PBXGroup;
			children = (
				5CB4C04A28C440A200B552BB /* HotCoffee.app */,
			);
			name = Products;
			sourceTree = "<group>";
		};
		5CB4C04C28C440A200B552BB /* HotCoffee */ = {
			isa = PBXGroup;
			children = (
				5C39F44D28C45779001E20BB /* View Models */,
				5C39F44A28C453AC001E20BB /* Models */,
				5CB4C06128C440EE00B552BB /* Controllers */,
				5C39F44728C44CA1001E20BB /* Services */,
				5CB4C04D28C440A200B552BB /* AppDelegate.swift */,
				5CB4C04F28C440A200B552BB /* SceneDelegate.swift */,
				5CB4C05328C440A200B552BB /* Main.storyboard */,
				5CB4C05628C440A400B552BB /* Assets.xcassets */,
				5CB4C05828C440A400B552BB /* LaunchScreen.storyboard */,
				5CB4C05B28C440A400B552BB /* Info.plist */,
			);
			path = HotCoffee;
			sourceTree = "<group>";
		};
		5CB4C06128C440EE00B552BB /* Controllers */ = {
			isa = PBXGroup;
			children = (
				5C52938828C442A9000EC6FD /* OrdersTableViewController.swift */,
				5C52938A28C44319000EC6FD /* AddOrderViewController.swift */,
			);
			path = Controllers;
			sourceTree = "<group>";
		};
/* End PBXGroup section */

/* Begin PBXNativeTarget section */
		5CB4C04928C440A200B552BB /* HotCoffee */ = {
			isa = PBXNativeTarget;
			buildConfigurationList = 5CB4C05E28C440A400B552BB /* Build configuration list for PBXNativeTarget "HotCoffee" */;
			buildPhases = (
				5CB4C04628C440A200B552BB /* Sources */,
				5CB4C04728C440A200B552BB /* Frameworks */,
				5CB4C04828C440A200B552BB /* Resources */,
			);
			buildRules = (
			);
			dependencies = (
			);
			name = HotCoffee;
			productName = HotCoffee;
			productReference = 5CB4C04A28C440A200B552BB /* HotCoffee.app */;
			productType = "com.apple.product-type.application";
		};
/* End PBXNativeTarget section */

/* Begin PBXProject section */
		5CB4C04228C440A200B552BB /* Project object */ = {
			isa = PBXProject;
			attributes = {
				BuildIndependentTargetsInParallel = 1;
				LastSwiftUpdateCheck = 1340;
				LastUpgradeCheck = 1340;
				TargetAttributes = {
					5CB4C04928C440A200B552BB = {
						CreatedOnToolsVersion = 13.4.1;
					};
				};
			};
			buildConfigurationList = 5CB4C04528C440A200B552BB /* Build configuration list for PBXProject "HotCoffee" */;
			compatibilityVersion = "Xcode 13.0";
			developmentRegion = en;
			hasScannedForEncodings = 0;
			knownRegions = (
				en,
				Base,
			);
			mainGroup = 5CB4C04128C440A200B552BB;
			productRefGroup = 5CB4C04B28C440A200B552BB /* Products */;
			projectDirPath = "";
			projectRoot = "";
			targets = (
				5CB4C04928C440A200B552BB /* HotCoffee */,
			);
		};
/* End PBXProject section */

/* Begin PBXResourcesBuildPhase section */
		5CB4C04828C440A200B552BB /* Resources */ = {
			isa = PBXResourcesBuildPhase;
			buildActionMask = 2147483647;
			files = (
				5CB4C05A28C440A400B552BB /* LaunchScreen.storyboard in Resources */,
				5CB4C05728C440A400B552BB /* Assets.xcassets in Resources */,
				5CB4C05528C440A200B552BB /* Main.storyboard in Resources */,
			);
			runOnlyForDeploymentPostprocessing = 0;
		};
/* End PBXResourcesBuildPhase section */

/* Begin PBXSourcesBuildPhase section */
		5CB4C04628C440A200B552BB /* Sources */ = {
			isa = PBXSourcesBuildPhase;
			buildActionMask = 2147483647;
			files = (
				5C39F44C28C453C6001E20BB /* Orders.swift in Sources */,
				5C39F45228C45FA9001E20BB /* AddCoffeeOrderViewModel.swift in Sources */,
				5CB4C04E28C440A200B552BB /* AppDelegate.swift in Sources */,
				5C39F44928C44CC5001E20BB /* WebServices.swift in Sources */,
				5CB4C05028C440A200B552BB /* SceneDelegate.swift in Sources */,
				5C52938928C442A9000EC6FD /* OrdersTableViewController.swift in Sources */,
				5C39F45028C457A8001E20BB /* OrderViewModel.swift in Sources */,
				5C52938B28C44319000EC6FD /* AddOrderViewController.swift in Sources */,
			);
			runOnlyForDeploymentPostprocessing = 0;
		};
/* End PBXSourcesBuildPhase section */

/* Begin PBXVariantGroup section */
		5CB4C05328C440A200B552BB /* Main.storyboard */ = {
			isa = PBXVariantGroup;
			children = (
				5CB4C05428C440A200B552BB /* Base */,
			);
			name = Main.storyboard;
			sourceTree = "<group>";
		};
		5CB4C05828C440A400B552BB /* LaunchScreen.storyboard */ = {
			isa = PBXVariantGroup;
			children = (
				5CB4C05928C440A400B552BB /* Base */,
			);
			name = LaunchScreen.storyboard;
			sourceTree = "<group>";
		};
/* End PBXVariantGroup section */

/* Begin XCBuildConfiguration section */
		5CB4C05C28C440A400B552BB /* Debug */ = {
			isa = XCBuildConfiguration;
			buildSettings = {
				ALWAYS_SEARCH_USER_PATHS = NO;
				CLANG_ANALYZER_NONNULL = YES;
				CLANG_ANALYZER_NUMBER_OBJECT_CONVERSION = YES_AGGRESSIVE;
				CLANG_CXX_LANGUAGE_STANDARD = "gnu++17";
				CLANG_ENABLE_MODULES = YES;
				CLANG_ENABLE_OBJC_ARC = YES;
				CLANG_ENABLE_OBJC_WEAK = YES;
				CLANG_WARN_BLOCK_CAPTURE_AUTORELEASING = YES;
				CLANG_WARN_BOOL_CONVERSION = YES;
				CLANG_WARN_COMMA = YES;
				CLANG_WARN_CONSTANT_CONVERSION = YES;
				CLANG_WARN_DEPRECATED_OBJC_IMPLEMENTATIONS = YES;
				CLANG_WARN_DIRECT_OBJC_ISA_USAGE = YES_ERROR;
				CLANG_WARN_DOCUMENTATION_COMMENTS = YES;
				CLANG_WARN_EMPTY_BODY = YES;
				CLANG_WARN_ENUM_CONVERSION = YES;
				CLANG_WARN_INFINITE_RECURSION = YES;
				CLANG_WARN_INT_CONVERSION = YES;
				CLANG_WARN_NON_LITERAL_NULL_CONVERSION = YES;
				CLANG_WARN_OBJC_IMPLICIT_RETAIN_SELF = YES;
				CLANG_WARN_OBJC_LITERAL_CONVERSION = YES;
				CLANG_WARN_OBJC_ROOT_CLASS = YES_ERROR;
				CLANG_WARN_QUOTED_INCLUDE_IN_FRAMEWORK_HEADER = YES;
				CLANG_WARN_RANGE_LOOP_ANALYSIS = YES;
				CLANG_WARN_STRICT_PROTOTYPES = YES;
				CLANG_WARN_SUSPICIOUS_MOVE = YES;
				CLANG_WARN_UNGUARDED_AVAILABILITY = YES_AGGRESSIVE;
				CLANG_WARN_UNREACHABLE_CODE = YES;
				CLANG_WARN__DUPLICATE_METHOD_MATCH = YES;
				COPY_PHASE_STRIP = NO;
				DEBUG_INFORMATION_FORMAT = dwarf;
				ENABLE_STRICT_OBJC_MSGSEND = YES;
				ENABLE_TESTABILITY = YES;
				GCC_C_LANGUAGE_STANDARD = gnu11;
				GCC_DYNAMIC_NO_PIC = NO;
				GCC_NO_COMMON_BLOCKS = YES;
				GCC_OPTIMIZATION_LEVEL = 0;
				GCC_PREPROCESSOR_DEFINITIONS = (
					"DEBUG=1",
					"$(inherited)",
				);
				GCC_WARN_64_TO_32_BIT_CONVERSION = YES;
				GCC_WARN_ABOUT_RETURN_TYPE = YES_ERROR;
				GCC_WARN_UNDECLARED_SELECTOR = YES;
				GCC_WARN_UNINITIALIZED_AUTOS = YES_AGGRESSIVE;
				GCC_WARN_UNUSED_FUNCTION = YES;
				GCC_WARN_UNUSED_VARIABLE = YES;
				IPHONEOS_DEPLOYMENT_TARGET = 15.5;
				MTL_ENABLE_DEBUG_INFO = INCLUDE_SOURCE;
				MTL_FAST_MATH = YES;
				ONLY_ACTIVE_ARCH = YES;
				SDKROOT = iphoneos;
				SWIFT_ACTIVE_COMPILATION_CONDITIONS = DEBUG;
				SWIFT_OPTIMIZATION_LEVEL = "-Onone";
			};
			name = Debug;
		};
		5CB4C05D28C440A400B552BB /* Release */ = {
			isa = XCBuildConfiguration;
			buildSettings = {
				ALWAYS_SEARCH_USER_PATHS = NO;
				CLANG_ANALYZER_NONNULL = YES;
				CLANG_ANALYZER_NUMBER_OBJECT_CONVERSION = YES_AGGRESSIVE;
				CLANG_CXX_LANGUAGE_STANDARD = "gnu++17";
				CLANG_ENABLE_MODULES = YES;
				CLANG_ENABLE_OBJC_ARC = YES;
				CLANG_ENABLE_OBJC_WEAK = YES;
				CLANG_WARN_BLOCK_CAPTURE_AUTORELEASING = YES;
				CLANG_WARN_BOOL_CONVERSION = YES;
				CLANG_WARN_COMMA = YES;
				CLANG_WARN_CONSTANT_CONVERSION = YES;
				CLANG_WARN_DEPRECATED_OBJC_IMPLEMENTATIONS = YES;
				CLANG_WARN_DIRECT_OBJC_ISA_USAGE = YES_ERROR;
				CLANG_WARN_DOCUMENTATION_COMMENTS = YES;
				CLANG_WARN_EMPTY_BODY = YES;
				CLANG_WARN_ENUM_CONVERSION = YES;
				CLANG_WARN_INFINITE_RECURSION = YES;
				CLANG_WARN_INT_CONVERSION = YES;
				CLANG_WARN_NON_LITERAL_NULL_CONVERSION = YES;
				CLANG_WARN_OBJC_IMPLICIT_RETAIN_SELF = YES;
				CLANG_WARN_OBJC_LITERAL_CONVERSION = YES;
				CLANG_WARN_OBJC_ROOT_CLASS = YES_ERROR;
				CLANG_WARN_QUOTED_INCLUDE_IN_FRAMEWORK_HEADER = YES;
				CLANG_WARN_RANGE_LOOP_ANALYSIS = YES;
				CLANG_WARN_STRICT_PROTOTYPES = YES;
				CLANG_WARN_SUSPICIOUS_MOVE = YES;
				CLANG_WARN_UNGUARDED_AVAILABILITY = YES_AGGRESSIVE;
				CLANG_WARN_UNREACHABLE_CODE = YES;
				CLANG_WARN__DUPLICATE_METHOD_MATCH = YES;
				COPY_PHASE_STRIP = NO;
				DEBUG_INFORMATION_FORMAT = "dwarf-with-dsym";
				ENABLE_NS_ASSERTIONS = NO;
				ENABLE_STRICT_OBJC_MSGSEND = YES;
				GCC_C_LANGUAGE_STANDARD = gnu11;
				GCC_NO_COMMON_BLOCKS = YES;
				GCC_WARN_64_TO_32_BIT_CONVERSION = YES;
				GCC_WARN_ABOUT_RETURN_TYPE = YES_ERROR;
				GCC_WARN_UNDECLARED_SELECTOR = YES;
				GCC_WARN_UNINITIALIZED_AUTOS = YES_AGGRESSIVE;
				GCC_WARN_UNUSED_FUNCTION = YES;
				GCC_WARN_UNUSED_VARIABLE = YES;
				IPHONEOS_DEPLOYMENT_TARGET = 15.5;
				MTL_ENABLE_DEBUG_INFO = NO;
				MTL_FAST_MATH = YES;
				SDKROOT = iphoneos;
				SWIFT_COMPILATION_MODE = wholemodule;
				SWIFT_OPTIMIZATION_LEVEL = "-O";
				VALIDATE_PRODUCT = YES;
			};
			name = Release;
		};
		5CB4C05F28C440A400B552BB /* Debug */ = {
			isa = XCBuildConfiguration;
			buildSettings = {
				ASSETCATALOG_COMPILER_APPICON_NAME = AppIcon;
				ASSETCATALOG_COMPILER_GLOBAL_ACCENT_COLOR_NAME = AccentColor;
				CODE_SIGN_STYLE = Automatic;
				CURRENT_PROJECT_VERSION = 1;
				DEVELOPMENT_TEAM = 2K35UBXMNN;
				GENERATE_INFOPLIST_FILE = YES;
				INFOPLIST_FILE = HotCoffee/Info.plist;
				INFOPLIST_KEY_UIApplicationSupportsIndirectInputEvents = YES;
				INFOPLIST_KEY_UILaunchStoryboardName = LaunchScreen;
				INFOPLIST_KEY_UIMainStoryboardFile = Main;
				INFOPLIST_KEY_UISupportedInterfaceOrientations_iPad = "UIInterfaceOrientationPortrait UIInterfaceOrientationPortraitUpsideDown UIInterfaceOrientationLandscapeLeft UIInterfaceOrientationLandscapeRight";
				INFOPLIST_KEY_UISupportedInterfaceOrientations_iPhone = "UIInterfaceOrientationPortrait UIInterfaceOrientationLandscapeLeft UIInterfaceOrientationLandscapeRight";
				LD_RUNPATH_SEARCH_PATHS = (
					"$(inherited)",
					"@executable_path/Frameworks",
				);
				MARKETING_VERSION = 1.0;
				PRODUCT_BUNDLE_IDENTIFIER = halvesbatochi.HotCoffee;
				PRODUCT_NAME = "$(TARGET_NAME)";
				SWIFT_EMIT_LOC_STRINGS = YES;
				SWIFT_VERSION = 5.0;
				TARGETED_DEVICE_FAMILY = "1,2";
			};
			name = Debug;
		};
		5CB4C06028C440A400B552BB /* Release */ = {
			isa = XCBuildConfiguration;
			buildSettings = {
				ASSETCATALOG_COMPILER_APPICON_NAME = AppIcon;
				ASSETCATALOG_COMPILER_GLOBAL_ACCENT_COLOR_NAME = AccentColor;
				CODE_SIGN_STYLE = Automatic;
				CURRENT_PROJECT_VERSION = 1;
				DEVELOPMENT_TEAM = 2K35UBXMNN;
				GENERATE_INFOPLIST_FILE = YES;
				INFOPLIST_FILE = HotCoffee/Info.plist;
				INFOPLIST_KEY_UIApplicationSupportsIndirectInputEvents = YES;
				INFOPLIST_KEY_UILaunchStoryboardName = LaunchScreen;
				INFOPLIST_KEY_UIMainStoryboardFile = Main;
				INFOPLIST_KEY_UISupportedInterfaceOrientations_iPad = "UIInterfaceOrientationPortrait UIInterfaceOrientationPortraitUpsideDown UIInterfaceOrientationLandscapeLeft UIInterfaceOrientationLandscapeRight";
				INFOPLIST_KEY_UISupportedInterfaceOrientations_iPhone = "UIInterfaceOrientationPortrait UIInterfaceOrientationLandscapeLeft UIInterfaceOrientationLandscapeRight";
				LD_RUNPATH_SEARCH_PATHS = (
					"$(inherited)",
					"@executable_path/Frameworks",
				);
				MARKETING_VERSION = 1.0;
				PRODUCT_BUNDLE_IDENTIFIER = halvesbatochi.HotCoffee;
				PRODUCT_NAME = "$(TARGET_NAME)";
				SWIFT_EMIT_LOC_STRINGS = YES;
				SWIFT_VERSION = 5.0;
				TARGETED_DEVICE_FAMILY = "1,2";
			};
			name = Release;
		};
/* End XCBuildConfiguration section */

/* Begin XCConfigurationList section */
		5CB4C04528C440A200B552BB /* Build configuration list for PBXProject "HotCoffee" */ = {
			isa = XCConfigurationList;
			buildConfigurations = (
				5CB4C05C28C440A400B552BB /* Debug */,
				5CB4C05D28C440A400B552BB /* Release */,
			);
			defaultConfigurationIsVisible = 0;
			defaultConfigurationName = Release;
		};
		5CB4C05E28C440A400B552BB /* Build configuration list for PBXNativeTarget "HotCoffee" */ = {
			isa = XCConfigurationList;
			buildConfigurations = (
				5CB4C05F28C440A400B552BB /* Debug */,
				5CB4C06028C440A400B552BB /* Release */,
			);
			defaultConfigurationIsVisible = 0;
			defaultConfigurationName = Release;
		};
/* End XCConfigurationList section */
	};
	rootObject = 5CB4C04228C440A200B552BB /* Project object */;
}
